{
	"name": "src",
	"version": "1.0.0",
	"lockfileVersion": 2,
	"requires": true,
	"packages": {
		"": {
			"name": "src",
			"version": "1.0.0",
			"license": "ISC",
			"dependencies": {
				"flickity": "^3.0.0"
			}
		},
		"node_modules/flickity": {
			"version": "3.0.0",
			"resolved": "https://registry.npmjs.org/flickity/-/flickity-3.0.0.tgz",
			"integrity": "sha512-Xw4znhglA2LVSmka0yKmzb4+fLwXm13TuKmdG1HbUoZZL95J1ZMr4hAA3w69s+Z6q/c6CyBDM25JVwMqgF3rOg==",
			"dependencies": {
				"ev-emitter": "^2.1.2",
				"fizzy-ui-utils": "^3.0.0",
				"get-size": "^3.0.0",
				"imagesloaded": "^5.0.0",
				"unidragger": "^3.0.0"
			}
		}
	},
	"dependencies": {
		"flickity": {
			"version": "3.0.0",
			"resolved": "https://registry.npmjs.org/flickity/-/flickity-3.0.0.tgz",
			"integrity": "sha512-Xw4znhglA2LVSmka0yKmzb4+fLwXm13TuKmdG1HbUoZZL95J1ZMr4hAA3w69s+Z6q/c6CyBDM25JVwMqgF3rOg==",
			"requires": {
				"ev-emitter": "^2.1.2",
				"fizzy-ui-utils": "^3.0.0",
				"get-size": "^3.0.0",
				"imagesloaded": "^5.0.0",
				"unidragger": "^3.0.0"
			}
		}
	}
}
